
Microsoft Visual Studio Solution File, Format Version 11.00
# Visual Studio 2010
Project("{F2A71F9B-5D33-465A-A702-920D77279786}") = "FSharpIoC", "FSharpIoC\FSharpIoC.fsproj", "{D2082633-68CA-4C7E-9CF7-7CA94CF86ACE}"
EndProject
Global
	GlobalSection(SolutionConfigurationPlatforms) = preSolution
		Debug|Any CPU = Debug|Any CPU
		Release|Any CPU = Release|Any CPU
	EndGlobalSection
	GlobalSection(ProjectConfigurationPlatforms) = postSolution
		{D2082633-68CA-4C7E-9CF7-7CA94CF86ACE}.Debug|Any CPU.ActiveCfg = Debug|Any CPU
		{D2082633-68CA-4C7E-9CF7-7CA94CF86ACE}.Debug|Any CPU.Build.0 = Debug|Any CPU
		{D2082633-68CA-4C7E-9CF7-7CA94CF86ACE}.Release|Any CPU.ActiveCfg = Release|Any CPU
		{D2082633-68CA-4C7E-9CF7-7CA94CF86ACE}.Release|Any CPU.Build.0 = Release|Any CPU
	EndGlobalSection
	GlobalSection(SolutionProperties) = preSolution
		HideSolutionNode = FALSE
	EndGlobalSection
EndGlobal
